
Microsoft Visual Studio Solution File, Format Version 12.00
# Visual Studio Version 16
VisualStudioVersion = 16.0.29123.88
MinimumVisualStudioVersion = 10.0.40219.1
Project("{FAE04EC0-301F-11D3-BF4B-00C04F79EFBC}") = "AppMVC", "AppMVC\AppMVC.csproj", "{42663016-7618-49E9-9BC4-A0EB868F2A5F}"
EndProject
Global
	GlobalSection(SolutionConfigurationPlatforms) = preSolution
		Debug|Any CPU = Debug|Any CPU
		Release|Any CPU = Release|Any CPU
	EndGlobalSection
	GlobalSection(ProjectConfigurationPlatforms) = postSolution
		{42663016-7618-49E9-9BC4-A0EB868F2A5F}.Debug|Any CPU.ActiveCfg = Debug|Any CPU
		{42663016-7618-49E9-9BC4-A0EB868F2A5F}.Debug|Any CPU.Build.0 = Debug|Any CPU
		{42663016-7618-49E9-9BC4-A0EB868F2A5F}.Release|Any CPU.ActiveCfg = Release|Any CPU
		{42663016-7618-49E9-9BC4-A0EB868F2A5F}.Release|Any CPU.Build.0 = Release|Any CPU
	EndGlobalSection
	GlobalSection(SolutionProperties) = preSolution
		HideSolutionNode = FALSE
	EndGlobalSection
	GlobalSection(ExtensibilityGlobals) = postSolution
		SolutionGuid = {BDE3926A-E181-416A-8BF9-B40F6583A3C5}
	EndGlobalSection
EndGlobal
